
Microsoft Visual Studio Solution File, Format Version 12.00
# Visual Studio Version 16
VisualStudioVersion = 16.0.31019.35
MinimumVisualStudioVersion = 10.0.40219.1
Project("{FAE04EC0-301F-11D3-BF4B-00C04F79EFBC}") = "libraryAutomation", "libraryAutomation\libraryAutomation.csproj", "{765B7885-0FB5-41BD-86C6-65F9FB054768}"
EndProject
Global
	GlobalSection(SolutionConfigurationPlatforms) = preSolution
		Debug|Any CPU = Debug|Any CPU
		Release|Any CPU = Release|Any CPU
	EndGlobalSection
	GlobalSection(ProjectConfigurationPlatforms) = postSolution
		{765B7885-0FB5-41BD-86C6-65F9FB054768}.Debug|Any CPU.ActiveCfg = Debug|Any CPU
		{765B7885-0FB5-41BD-86C6-65F9FB054768}.Debug|Any CPU.Build.0 = Debug|Any CPU
		{765B7885-0FB5-41BD-86C6-65F9FB054768}.Release|Any CPU.ActiveCfg = Release|Any CPU
		{765B7885-0FB5-41BD-86C6-65F9FB054768}.Release|Any CPU.Build.0 = Release|Any CPU
	EndGlobalSection
	GlobalSection(SolutionProperties) = preSolution
		HideSolutionNode = FALSE
	EndGlobalSection
	GlobalSection(ExtensibilityGlobals) = postSolution
		SolutionGuid = {C65E5EB7-98ED-4C90-98EB-89E6304C7B86}
	EndGlobalSection
EndGlobal
